
Microsoft Visual Studio Solution File, Format Version 12.00
# Visual Studio 15
VisualStudioVersion = 15.0.26730.12
MinimumVisualStudioVersion = 10.0.40219.1
Project("{FAE04EC0-301F-11D3-BF4B-00C04F79EFBC}") = "SumInts", "SumInts\SumInts.csproj", "{53AF19F9-CE62-4CF5-A8C8-DBF9668BF561}"
EndProject
Global
	GlobalSection(SolutionConfigurationPlatforms) = preSolution
		Debug|Any CPU = Debug|Any CPU
		Release|Any CPU = Release|Any CPU
	EndGlobalSection
	GlobalSection(ProjectConfigurationPlatforms) = postSolution
		{53AF19F9-CE62-4CF5-A8C8-DBF9668BF561}.Debug|Any CPU.ActiveCfg = Debug|Any CPU
		{53AF19F9-CE62-4CF5-A8C8-DBF9668BF561}.Debug|Any CPU.Build.0 = Debug|Any CPU
		{53AF19F9-CE62-4CF5-A8C8-DBF9668BF561}.Release|Any CPU.ActiveCfg = Release|Any CPU
		{53AF19F9-CE62-4CF5-A8C8-DBF9668BF561}.Release|Any CPU.Build.0 = Release|Any CPU
	EndGlobalSection
	GlobalSection(SolutionProperties) = preSolution
		HideSolutionNode = FALSE
	EndGlobalSection
	GlobalSection(ExtensibilityGlobals) = postSolution
		SolutionGuid = {2920A68A-F731-4C4D-8BAD-086E26AEB5EF}
	EndGlobalSection
EndGlobal
